// !$*UTF8*$!
{
	archiveVersion = 1;
	classes = {
	};
	objectVersion = 46;
	objects = {

/* Begin PBXBuildFile section */
		332D5B371D76BB6600E18B01 /* main.m in Sources */ = {isa = PBXBuildFile; fileRef = 332D5B361D76BB6600E18B01 /* main.m */; };
		332D5B3A1D76BB6600E18B01 /* AppDelegate.m in Sources */ = {isa = PBXBuildFile; fileRef = 332D5B391D76BB6600E18B01 /* AppDelegate.m */; };
		332D5B3D1D76BB6600E18B01 /* _5_SQLite.xcdatamodeld in Sources */ = {isa = PBXBuildFile; fileRef = 332D5B3B1D76BB6600E18B01 /* _5_SQLite.xcdatamodeld */; };
		332D5B401D76BB6600E18B01 /* ViewController.m in Sources */ = {isa = PBXBuildFile; fileRef = 332D5B3F1D76BB6600E18B01 /* ViewController.m */; };
		332D5B431D76BB6600E18B01 /* Main.storyboard in Resources */ = {isa = PBXBuildFile; fileRef = 332D5B411D76BB6600E18B01 /* Main.storyboard */; };
		332D5B451D76BB6600E18B01 /* Images.xcassets in Resources */ = {isa = PBXBuildFile; fileRef = 332D5B441D76BB6600E18B01 /* Images.xcassets */; };
		332D5B481D76BB6600E18B01 /* LaunchScreen.xib in Resources */ = {isa = PBXBuildFile; fileRef = 332D5B461D76BB6600E18B01 /* LaunchScreen.xib */; };
		332D5B541D76BB6600E18B01 /* _5_SQLiteTests.m in Sources */ = {isa = PBXBuildFile; fileRef = 332D5B531D76BB6600E18B01 /* _5_SQLiteTests.m */; };
		332D5B601D76BCCC00E18B01 /* libsqlite3.dylib in Frameworks */ = {isa = PBXBuildFile; fileRef = 332D5B5F1D76BCCC00E18B01 /* libsqlite3.dylib */; };
		332D5B631D76CD2600E18B01 /* User.m in Sources */ = {isa = PBXBuildFile; fileRef = 332D5B621D76CD2600E18B01 /* User.m */; };
/* End PBXBuildFile section */

/* Begin PBXContainerItemProxy section */
		332D5B4E1D76BB6600E18B01 /* PBXContainerItemProxy */ = {
			isa = PBXContainerItemProxy;
			containerPortal = 332D5B291D76BB6600E18B01 /* Project object */;
			proxyType = 1;
			remoteGlobalIDString = 332D5B301D76BB6600E18B01;
			remoteInfo = "05、SQLite";
		};
/* End PBXContainerItemProxy section */

/* Begin PBXFileReference section */
		332D5B311D76BB6600E18B01 /* 05、SQLite.app */ = {isa = PBXFileReference; explicitFileType = wrapper.application; includeInIndex = 0; path = "05、SQLite.app"; sourceTree = BUILT_PRODUCTS_DIR; };
		332D5B351D76BB6600E18B01 /* Info.plist */ = {isa = PBXFileReference; lastKnownFileType = text.plist.xml; path = Info.plist; sourceTree = "<group>"; };
		332D5B361D76BB6600E18B01 /* main.m */ = {isa = PBXFileReference; lastKnownFileType = sourcecode.c.objc; path = main.m; sourceTree = "<group>"; };
		332D5B381D76BB6600E18B01 /* AppDelegate.h */ = {isa = PBXFileReference; lastKnownFileType = sourcecode.c.h; path = AppDelegate.h; sourceTree = "<group>"; };
		332D5B391D76BB6600E18B01 /* AppDelegate.m */ = {isa = PBXFileReference; lastKnownFileType = sourcecode.c.objc; path = AppDelegate.m; sourceTree = "<group>"; };
		332D5B3C1D76BB6600E18B01 /* _5_SQLite.xcdatamodel */ = {isa = PBXFileReference; lastKnownFileType = wrapper.xcdatamodel; path = _5_SQLite.xcdatamodel; sourceTree = "<group>"; };
		332D5B3E1D76BB6600E18B01 /* ViewController.h */ = {isa = PBXFileReference; lastKnownFileType = sourcecode.c.h; path = ViewController.h; sourceTree = "<group>"; };
		332D5B3F1D76BB6600E18B01 /* ViewController.m */ = {isa = PBXFileReference; lastKnownFileType = sourcecode.c.objc; path = ViewController.m; sourceTree = "<group>"; };
		332D5B421D76BB6600E18B01 /* Base */ = {isa = PBXFileReference; lastKnownFileType = file.storyboard; name = Base; path = Base.lproj/Main.storyboard; sourceTree = "<group>"; };
		332D5B441D76BB6600E18B01 /* Images.xcassets */ = {isa = PBXFileReference; lastKnownFileType = folder.assetcatalog; path = Images.xcassets; sourceTree = "<group>"; };
		332D5B471D76BB6600E18B01 /* Base */ = {isa = PBXFileReference; lastKnownFileType = file.xib; name = Base; path = Base.lproj/LaunchScreen.xib; sourceTree = "<group>"; };
		332D5B4D1D76BB6600E18B01 /* 05、SQLiteTests.xctest */ = {isa = PBXFileReference; explicitFileType = wrapper.cfbundle; includeInIndex = 0; path = "05、SQLiteTests.xctest"; sourceTree = BUILT_PRODUCTS_DIR; };
		332D5B521D76BB6600E18B01 /* Info.plist */ = {isa = PBXFileReference; lastKnownFileType = text.plist.xml; path = Info.plist; sourceTree = "<group>"; };
		332D5B531D76BB6600E18B01 /* _5_SQLiteTests.m */ = {isa = PBXFileReference; lastKnownFileType = sourcecode.c.objc; path = _5_SQLiteTests.m; sourceTree = "<group>"; };
		332D5B5F1D76BCCC00E18B01 /* libsqlite3.dylib */ = {isa = PBXFileReference; lastKnownFileType = "compiled.mach-o.dylib"; name = libsqlite3.dylib; path = usr/lib/libsqlite3.dylib; sourceTree = SDKROOT; };
		332D5B611D76CD2600E18B01 /* User.h */ = {isa = PBXFileReference; fileEncoding = 4; lastKnownFileType = sourcecode.c.h; path = User.h; sourceTree = "<group>"; };
		332D5B621D76CD2600E18B01 /* User.m */ = {isa = PBXFileReference; fileEncoding = 4; lastKnownFileType = sourcecode.c.objc; path = User.m; sourceTree = "<group>"; };
/* End PBXFileReference section */

/* Begin PBXFrameworksBuildPhase section */
		332D5B2E1D76BB6600E18B01 /* Frameworks */ = {
			isa = PBXFrameworksBuildPhase;
			buildActionMask = 2147483647;
			files = (
				332D5B601D76BCCC00E18B01 /* libsqlite3.dylib in Frameworks */,
			);
			runOnlyForDeploymentPostprocessing = 0;
		};
		332D5B4A1D76BB6600E18B01 /* Frameworks */ = {
			isa = PBXFrameworksBuildPhase;
			buildActionMask = 2147483647;
			files = (
			);
			runOnlyForDeploymentPostprocessing = 0;
		};
/* End PBXFrameworksBuildPhase section */

/* Begin PBXGroup section */
		332D5B281D76BB6600E18B01 = {
			isa = PBXGroup;
			children = (
				332D5B331D76BB6600E18B01 /* 05、SQLite */,
				332D5B501D76BB6600E18B01 /* 05、SQLiteTests */,
				332D5B321D76BB6600E18B01 /* Products */,
			);
			sourceTree = "<group>";
		};
		332D5B321D76BB6600E18B01 /* Products */ = {
			isa = PBXGroup;
			children = (
				332D5B311D76BB6600E18B01 /* 05、SQLite.app */,
				332D5B4D1D76BB6600E18B01 /* 05、SQLiteTests.xctest */,
			);
			name = Products;
			sourceTree = "<group>";
		};
		332D5B331D76BB6600E18B01 /* 05、SQLite */ = {
			isa = PBXGroup;
			children = (
				332D5B381D76BB6600E18B01 /* AppDelegate.h */,
				332D5B391D76BB6600E18B01 /* AppDelegate.m */,
				332D5B3E1D76BB6600E18B01 /* ViewController.h */,
				332D5B3F1D76BB6600E18B01 /* ViewController.m */,
				332D5B611D76CD2600E18B01 /* User.h */,
				332D5B621D76CD2600E18B01 /* User.m */,
				332D5B411D76BB6600E18B01 /* Main.storyboard */,
				332D5B441D76BB6600E18B01 /* Images.xcassets */,
				332D5B461D76BB6600E18B01 /* LaunchScreen.xib */,
				332D5B3B1D76BB6600E18B01 /* _5_SQLite.xcdatamodeld */,
				332D5B341D76BB6600E18B01 /* Supporting Files */,
			);
			path = "05、SQLite";
			sourceTree = "<group>";
		};
		332D5B341D76BB6600E18B01 /* Supporting Files */ = {
			isa = PBXGroup;
			children = (
				332D5B5F1D76BCCC00E18B01 /* libsqlite3.dylib */,
				332D5B351D76BB6600E18B01 /* Info.plist */,
				332D5B361D76BB6600E18B01 /* main.m */,
			);
			name = "Supporting Files";
			sourceTree = "<group>";
		};
		332D5B501D76BB6600E18B01 /* 05、SQLiteTests */ = {
			isa = PBXGroup;
			children = (
				332D5B531D76BB6600E18B01 /* _5_SQLiteTests.m */,
				332D5B511D76BB6600E18B01 /* Supporting Files */,
			);
			path = "05、SQLiteTests";
			sourceTree = "<group>";
		};
		332D5B511D76BB6600E18B01 /* Supporting Files */ = {
			isa = PBXGroup;
			children = (
				332D5B521D76BB6600E18B01 /* Info.plist */,
			);
			name = "Supporting Files";
			sourceTree = "<group>";
		};
/* End PBXGroup section */

/* Begin PBXNativeTarget section */
		332D5B301D76BB6600E18B01 /* 05、SQLite */ = {
			isa = PBXNativeTarget;
			buildConfigurationList = 332D5B571D76BB6600E18B01 /* Build configuration list for PBXNativeTarget "05、SQLite" */;
			buildPhases = (
				332D5B2D1D76BB6600E18B01 /* Sources */,
				332D5B2E1D76BB6600E18B01 /* Frameworks */,
				332D5B2F1D76BB6600E18B01 /* Resources */,
			);
			buildRules = (
			);
			dependencies = (
			);
			name = "05、SQLite";
			productName = "05、SQLite";
			productReference = 332D5B311D76BB6600E18B01 /* 05、SQLite.app */;
			productType = "com.apple.product-type.application";
		};
		332D5B4C1D76BB6600E18B01 /* 05、SQLiteTests */ = {
			isa = PBXNativeTarget;
			buildConfigurationList = 332D5B5A1D76BB6600E18B01 /* Build configuration list for PBXNativeTarget "05、SQLiteTests" */;
			buildPhases = (
				332D5B491D76BB6600E18B01 /* Sources */,
				332D5B4A1D76BB6600E18B01 /* Frameworks */,
				332D5B4B1D76BB6600E18B01 /* Resources */,
			);
			buildRules = (
			);
			dependencies = (
				332D5B4F1D76BB6600E18B01 /* PBXTargetDependency */,
			);
			name = "05、SQLiteTests";
			productName = "05、SQLiteTests";
			productReference = 332D5B4D1D76BB6600E18B01 /* 05、SQLiteTests.xctest */;
			productType = "com.apple.product-type.bundle.unit-test";
		};
/* End PBXNativeTarget section */

/* Begin PBXProject section */
		332D5B291D76BB6600E18B01 /* Project object */ = {
			isa = PBXProject;
			attributes = {
				LastUpgradeCheck = 0640;
				ORGANIZATIONNAME = tens04;
				TargetAttributes = {
					332D5B301D76BB6600E18B01 = {
						CreatedOnToolsVersion = 6.4;
					};
					332D5B4C1D76BB6600E18B01 = {
						CreatedOnToolsVersion = 6.4;
						TestTargetID = 332D5B301D76BB6600E18B01;
					};
				};
			};
			buildConfigurationList = 332D5B2C1D76BB6600E18B01 /* Build configuration list for PBXProject "05、SQLite" */;
			compatibilityVersion = "Xcode 3.2";
			developmentRegion = English;
			hasScannedForEncodings = 0;
			knownRegions = (
				en,
				Base,
			);
			mainGroup = 332D5B281D76BB6600E18B01;
			productRefGroup = 332D5B321D76BB6600E18B01 /* Products */;
			projectDirPath = "";
			projectRoot = "";
			targets = (
				332D5B301D76BB6600E18B01 /* 05、SQLite */,
				332D5B4C1D76BB6600E18B01 /* 05、SQLiteTests */,
			);
		};
/* End PBXProject section */

/* Begin PBXResourcesBuildPhase section */
		332D5B2F1D76BB6600E18B01 /* Resources */ = {
			isa = PBXResourcesBuildPhase;
			buildActionMask = 2147483647;
			files = (
				332D5B431D76BB6600E18B01 /* Main.storyboard in Resources */,
				332D5B481D76BB6600E18B01 /* LaunchScreen.xib in Resources */,
				332D5B451D76BB6600E18B01 /* Images.xcassets in Resources */,
			);
			runOnlyForDeploymentPostprocessing = 0;
		};
		332D5B4B1D76BB6600E18B01 /* Resources */ = {
			isa = PBXResourcesBuildPhase;
			buildActionMask = 2147483647;
			files = (
			);
			runOnlyForDeploymentPostprocessing = 0;
		};
/* End PBXResourcesBuildPhase section */

/* Begin PBXSourcesBuildPhase section */
		332D5B2D1D76BB6600E18B01 /* Sources */ = {
			isa = PBXSourcesBuildPhase;
			buildActionMask = 2147483647;
			files = (
				332D5B631D76CD2600E18B01 /* User.m in Sources */,
				332D5B3A1D76BB6600E18B01 /* AppDelegate.m in Sources */,
				332D5B3D1D76BB6600E18B01 /* _5_SQLite.xcdatamodeld in Sources */,
				332D5B401D76BB6600E18B01 /* ViewController.m in Sources */,
				332D5B371D76BB6600E18B01 /* main.m in Sources */,
			);
			runOnlyForDeploymentPostprocessing = 0;
		};
		332D5B491D76BB6600E18B01 /* Sources */ = {
			isa = PBXSourcesBuildPhase;
			buildActionMask = 2147483647;
			files = (
				332D5B541D76BB6600E18B01 /* _5_SQLiteTests.m in Sources */,
			);
			runOnlyForDeploymentPostprocessing = 0;
		};
/* End PBXSourcesBuildPhase section */

/* Begin PBXTargetDependency section */
		332D5B4F1D76BB6600E18B01 /* PBXTargetDependency */ = {
			isa = PBXTargetDependency;
			target = 332D5B301D76BB6600E18B01 /* 05、SQLite */;
			targetProxy = 332D5B4E1D76BB6600E18B01 /* PBXContainerItemProxy */;
		};
/* End PBXTargetDependency section */

/* Begin PBXVariantGroup section */
		332D5B411D76BB6600E18B01 /* Main.storyboard */ = {
			isa = PBXVariantGroup;
			children = (
				332D5B421D76BB6600E18B01 /* Base */,
			);
			name = Main.storyboard;
			sourceTree = "<group>";
		};
		332D5B461D76BB6600E18B01 /* LaunchScreen.xib */ = {
			isa = PBXVariantGroup;
			children = (
				332D5B471D76BB6600E18B01 /* Base */,
			);
			name = LaunchScreen.xib;
			sourceTree = "<group>";
		};
/* End PBXVariantGroup section */

/* Begin XCBuildConfiguration section */
		332D5B551D76BB6600E18B01 /* Debug */ = {
			isa = XCBuildConfiguration;
			buildSettings = {
				ALWAYS_SEARCH_USER_PATHS = NO;
				CLANG_CXX_LANGUAGE_STANDARD = "gnu++0x";
				CLANG_CXX_LIBRARY = "libc++";
				CLANG_ENABLE_MODULES = YES;
				CLANG_ENABLE_OBJC_ARC = YES;
				CLANG_WARN_BOOL_CONVERSION = YES;
				CLANG_WARN_CONSTANT_CONVERSION = YES;
				CLANG_WARN_DIRECT_OBJC_ISA_USAGE = YES_ERROR;
				CLANG_WARN_EMPTY_BODY = YES;
				CLANG_WARN_ENUM_CONVERSION = YES;
				CLANG_WARN_INT_CONVERSION = YES;
				CLANG_WARN_OBJC_ROOT_CLASS = YES_ERROR;
				CLANG_WARN_UNREACHABLE_CODE = YES;
				CLANG_WARN__DUPLICATE_METHOD_MATCH = YES;
				"CODE_SIGN_IDENTITY[sdk=iphoneos*]" = "iPhone Developer";
				COPY_PHASE_STRIP = NO;
				DEBUG_INFORMATION_FORMAT = "dwarf-with-dsym";
				ENABLE_STRICT_OBJC_MSGSEND = YES;
				GCC_C_LANGUAGE_STANDARD = gnu99;
				GCC_DYNAMIC_NO_PIC = NO;
				GCC_NO_COMMON_BLOCKS = YES;
				GCC_OPTIMIZATION_LEVEL = 0;
				GCC_PREPROCESSOR_DEFINITIONS = (
					"DEBUG=1",
					"$(inherited)",
				);
				GCC_SYMBOLS_PRIVATE_EXTERN = NO;
				GCC_WARN_64_TO_32_BIT_CONVERSION = YES;
				GCC_WARN_ABOUT_RETURN_TYPE = YES_ERROR;
				GCC_WARN_UNDECLARED_SELECTOR = YES;
				GCC_WARN_UNINITIALIZED_AUTOS = YES_AGGRESSIVE;
				GCC_WARN_UNUSED_FUNCTION = YES;
				GCC_WARN_UNUSED_VARIABLE = YES;
				IPHONEOS_DEPLOYMENT_TARGET = 8.4;
				MTL_ENABLE_DEBUG_INFO = YES;
				ONLY_ACTIVE_ARCH = YES;
				SDKROOT = iphoneos;
			};
			name = Debug;
		};
		332D5B561D76BB6600E18B01 /* Release */ = {
			isa = XCBuildConfiguration;
			buildSettings = {
				ALWAYS_SEARCH_USER_PATHS = NO;
				CLANG_CXX_LANGUAGE_STANDARD = "gnu++0x";
				CLANG_CXX_LIBRARY = "libc++";
				CLANG_ENABLE_MODULES = YES;
				CLANG_ENABLE_OBJC_ARC = YES;
				CLANG_WARN_BOOL_CONVERSION = YES;
				CLANG_WARN_CONSTANT_CONVERSION = YES;
				CLANG_WARN_DIRECT_OBJC_ISA_USAGE = YES_ERROR;
				CLANG_WARN_EMPTY_BODY = YES;
				CLANG_WARN_ENUM_CONVERSION = YES;
				CLANG_WARN_INT_CONVERSION = YES;
				CLANG_WARN_OBJC_ROOT_CLASS = YES_ERROR;
				CLANG_WARN_UNREACHABLE_CODE = YES;
				CLANG_WARN__DUPLICATE_METHOD_MATCH = YES;
				"CODE_SIGN_IDENTITY[sdk=iphoneos*]" = "iPhone Developer";
				COPY_PHASE_STRIP = NO;
				DEBUG_INFORMATION_FORMAT = "dwarf-with-dsym";
				ENABLE_NS_ASSERTIONS = NO;
				ENABLE_STRICT_OBJC_MSGSEND = YES;
				GCC_C_LANGUAGE_STANDARD = gnu99;
				GCC_NO_COMMON_BLOCKS = YES;
				GCC_WARN_64_TO_32_BIT_CONVERSION = YES;
				GCC_WARN_ABOUT_RETURN_TYPE = YES_ERROR;
				GCC_WARN_UNDECLARED_SELECTOR = YES;
				GCC_WARN_UNINITIALIZED_AUTOS = YES_AGGRESSIVE;
				GCC_WARN_UNUSED_FUNCTION = YES;
				GCC_WARN_UNUSED_VARIABLE = YES;
				IPHONEOS_DEPLOYMENT_TARGET = 8.4;
				MTL_ENABLE_DEBUG_INFO = NO;
				SDKROOT = iphoneos;
				VALIDATE_PRODUCT = YES;
			};
			name = Release;
		};
		332D5B581D76BB6600E18B01 /* Debug */ = {
			isa = XCBuildConfiguration;
			buildSettings = {
				ASSETCATALOG_COMPILER_APPICON_NAME = AppIcon;
				INFOPLIST_FILE = "05、SQLite/Info.plist";
				LD_RUNPATH_SEARCH_PATHS = "$(inherited) @executable_path/Frameworks";
				LIBRARY_SEARCH_PATHS = (
					"$(inherited)",
					"$(PROJECT_DIR)/05、SQLite",
				);
				PRODUCT_NAME = "$(TARGET_NAME)";
			};
			name = Debug;
		};
		332D5B591D76BB6600E18B01 /* Release */ = {
			isa = XCBuildConfiguration;
			buildSettings = {
				ASSETCATALOG_COMPILER_APPICON_NAME = AppIcon;
				INFOPLIST_FILE = "05、SQLite/Info.plist";
				LD_RUNPATH_SEARCH_PATHS = "$(inherited) @executable_path/Frameworks";
				LIBRARY_SEARCH_PATHS = (
					"$(inherited)",
					"$(PROJECT_DIR)/05、SQLite",
				);
				PRODUCT_NAME = "$(TARGET_NAME)";
			};
			name = Release;
		};
		332D5B5B1D76BB6600E18B01 /* Debug */ = {
			isa = XCBuildConfiguration;
			buildSettings = {
				BUNDLE_LOADER = "$(TEST_HOST)";
				FRAMEWORK_SEARCH_PATHS = (
					"$(SDKROOT)/Developer/Library/Frameworks",
					"$(inherited)",
				);
				GCC_PREPROCESSOR_DEFINITIONS = (
					"DEBUG=1",
					"$(inherited)",
				);
				INFOPLIST_FILE = "05、SQLiteTests/Info.plist";
				LD_RUNPATH_SEARCH_PATHS = "$(inherited) @executable_path/Frameworks @loader_path/Frameworks";
				PRODUCT_NAME = "$(TARGET_NAME)";
				TEST_HOST = "$(BUILT_PRODUCTS_DIR)/05、SQLite.app/05、SQLite";
			};
			name = Debug;
		};
		332D5B5C1D76BB6600E18B01 /* Release */ = {
			isa = XCBuildConfiguration;
			buildSettings = {
				BUNDLE_LOADER = "$(TEST_HOST)";
				FRAMEWORK_SEARCH_PATHS = (
					"$(SDKROOT)/Developer/Library/Frameworks",
					"$(inherited)",
				);
				INFOPLIST_FILE = "05、SQLiteTests/Info.plist";
				LD_RUNPATH_SEARCH_PATHS = "$(inherited) @executable_path/Frameworks @loader_path/Frameworks";
				PRODUCT_NAME = "$(TARGET_NAME)";
				TEST_HOST = "$(BUILT_PRODUCTS_DIR)/05、SQLite.app/05、SQLite";
			};
			name = Release;
		};
/* End XCBuildConfiguration section */

/* Begin XCConfigurationList section */
		332D5B2C1D76BB6600E18B01 /* Build configuration list for PBXProject "05、SQLite" */ = {
			isa = XCConfigurationList;
			buildConfigurations = (
				332D5B551D76BB6600E18B01 /* Debug */,
				332D5B561D76BB6600E18B01 /* Release */,
			);
			defaultConfigurationIsVisible = 0;
			defaultConfigurationName = Release;
		};
		332D5B571D76BB6600E18B01 /* Build configuration list for PBXNativeTarget "05、SQLite" */ = {
			isa = XCConfigurationList;
			buildConfigurations = (
				332D5B581D76BB6600E18B01 /* Debug */,
				332D5B591D76BB6600E18B01 /* Release */,
			);
			defaultConfigurationIsVisible = 0;
		};
		332D5B5A1D76BB6600E18B01 /* Build configuration list for PBXNativeTarget "05、SQLiteTests" */ = {
			isa = XCConfigurationList;
			buildConfigurations = (
				332D5B5B1D76BB6600E18B01 /* Debug */,
				332D5B5C1D76BB6600E18B01 /* Release */,
			);
			defaultConfigurationIsVisible = 0;
		};
/* End XCConfigurationList section */

/* Begin XCVersionGroup section */
		332D5B3B1D76BB6600E18B01 /* _5_SQLite.xcdatamodeld */ = {
			isa = XCVersionGroup;
			children = (
				332D5B3C1D76BB6600E18B01 /* _5_SQLite.xcdatamodel */,
			);
			currentVersion = 332D5B3C1D76BB6600E18B01 /* _5_SQLite.xcdatamodel */;
			path = _5_SQLite.xcdatamodeld;
			sourceTree = "<group>";
			versionGroupType = wrapper.xcdatamodel;
		};
/* End XCVersionGroup section */
	};
	rootObject = 332D5B291D76BB6600E18B01 /* Project object */;
}
